<?xml version="1.0" encoding="utf-8"?>
<Project ToolsVersion="4.0" xmlns="http://schemas.microsoft.com/developer/msbuild/2003">
  <ItemGroup>
    <Filter Include="Source Files">
      <UniqueIdentifier>{1bae8b8e-86ea-41d3-a71d-2fd9115f3ac7}</UniqueIdentifier>
      <Extensions>cpp;c;cxx;rc;def;r;odl;idl;hpj;bat</Extensions>
    </Filter>
    <Filter Include="Header Files">
      <UniqueIdentifier>{c746d11c-135c-438d-bb1a-4b3f91ee14ad}</UniqueIdentifier>
      <Extensions>h;hpp;hxx;hm;inl</Extensions>
    </Filter>
    <Filter Include="Resource Files">
      <UniqueIdentifier>{5bc7db34-1666-42a5-a586-ec7e44ea33fb}</UniqueIdentifier>
      <Extensions>ico;cur;bmp;dlg;rc2;rct;bin;rgs;gif;jpg;jpeg;jpe</Extensions>
    </Filter>
  </ItemGroup>
  <ItemGroup>
    <ClCompile Include="BuyTicket.cpp">
      <Filter>Source Files</Filter>
    </ClCompile>
    <ClCompile Include="change.cpp">
      <Filter>Source Files</Filter>
    </ClCompile>
    <ClCompile Include="dataStatistics.cpp">
      <Filter>Source Files</Filter>
    </ClCompile>
    <ClCompile Include="DataUtils.cpp">
      <Filter>Source Files</Filter>
    </ClCompile>
    <ClCompile Include="menuItem.cpp">
      <Filter>Source Files</Filter>
    </ClCompile>
    <ClCompile Include="StdAfx.cpp">
      <Filter>Source Files</Filter>
    </ClCompile>
    <ClCompile Include="Train.cpp">
      <Filter>Source Files</Filter>
    </ClCompile>
    <ClCompile Include="TrainBooking.cpp">
      <Filter>Source Files</Filter>
    </ClCompile>
    <ClCompile Include="User.cpp">
      <Filter>Source Files</Filter>
    </ClCompile>
    <ClCompile Include="UserDataUtils.cpp">
      <Filter>Source Files</Filter>
    </ClCompile>
    <ClCompile Include="UserMenuItem.cpp">
      <Filter>Source Files</Filter>
    </ClCompile>
    <ClCompile Include="UserTicketIformation.cpp">
      <Filter>Source Files</Filter>
    </ClCompile>
    <ClCompile Include="UserUtils.cpp">
      <Filter>Source Files</Filter>
    </ClCompile>
    <ClCompile Include="Utils.cpp">
      <Filter>Source Files</Filter>
    </ClCompile>
  </ItemGroup>
  <ItemGroup>
    <ClInclude Include="BuyTicket.h">
      <Filter>Header Files</Filter>
    </ClInclude>
    <ClInclude Include="Change.h">
      <Filter>Header Files</Filter>
    </ClInclude>
    <ClInclude Include="dataStatistics.h">
      <Filter>Header Files</Filter>
    </ClInclude>
    <ClInclude Include="DataUtils.h">
      <Filter>Header Files</Filter>
    </ClInclude>
    <ClInclude Include="menuitem.h">
      <Filter>Header Files</Filter>
    </ClInclude>
    <ClInclude Include="StdAfx.h">
      <Filter>Header Files</Filter>
    </ClInclude>
    <ClInclude Include="Train.h">
      <Filter>Header Files</Filter>
    </ClInclude>
    <ClInclude Include="user.h">
      <Filter>Header Files</Filter>
    </ClInclude>
    <ClInclude Include="UserdataUtils.h">
      <Filter>Header Files</Filter>
    </ClInclude>
    <ClInclude Include="UsermenuItem.h">
      <Filter>Header Files</Filter>
    </ClInclude>
    <ClInclude Include="UserTicketInformation.h">
      <Filter>Header Files</Filter>
    </ClInclude>
    <ClInclude Include="Userutils.h">
      <Filter>Header Files</Filter>
    </ClInclude>
    <ClInclude Include="utils.h">
      <Filter>Header Files</Filter>
    </ClInclude>
  </ItemGroup>
  <ItemGroup>
    <Text Include="ReadMe.txt" />
  </ItemGroup>
</Project>